
Microsoft Visual Studio Solution File, Format Version 12.00
# Visual Studio Version 17
VisualStudioVersion = 17.12.35514.174 d17.12
MinimumVisualStudioVersion = 10.0.40219.1
Project("{2150E333-8FDC-42A3-9474-1A3956D46DE8}") = "src", "src", "{8D2849B2-7482-4991-B3BD-5CEB79DC1F0D}"
EndProject
Project("{2150E333-8FDC-42A3-9474-1A3956D46DE8}") = "Core", "Core", "{3BF21C98-1FA4-40D5-86EA-E2DC1E39B385}"
EndProject
Project("{2150E333-8FDC-42A3-9474-1A3956D46DE8}") = "Infrastructure", "Infrastructure", "{3BDB47A7-7F29-465C-AC93-AC9E4816C6A1}"
EndProject
Project("{2150E333-8FDC-42A3-9474-1A3956D46DE8}") = "Presentation", "Presentation", "{B4623EE0-0343-423B-A5EA-D292248CD4E7}"
EndProject
Project("{2150E333-8FDC-42A3-9474-1A3956D46DE8}") = "Requirements", "Requirements", "{C68BFE1F-3D65-4ECE-BC3E-C88CF12E0A9F}"
EndProject
Project("{2150E333-8FDC-42A3-9474-1A3956D46DE8}") = "Frontends", "Frontends", "{95916141-4088-4941-BF2C-D8108E4D472C}"
EndProject
Global
	GlobalSection(SolutionProperties) = preSolution
		HideSolutionNode = FALSE
	EndGlobalSection
	GlobalSection(NestedProjects) = preSolution
		{3BF21C98-1FA4-40D5-86EA-E2DC1E39B385} = {8D2849B2-7482-4991-B3BD-5CEB79DC1F0D}
		{3BDB47A7-7F29-465C-AC93-AC9E4816C6A1} = {8D2849B2-7482-4991-B3BD-5CEB79DC1F0D}
		{B4623EE0-0343-423B-A5EA-D292248CD4E7} = {8D2849B2-7482-4991-B3BD-5CEB79DC1F0D}
		{C68BFE1F-3D65-4ECE-BC3E-C88CF12E0A9F} = {8D2849B2-7482-4991-B3BD-5CEB79DC1F0D}
		{95916141-4088-4941-BF2C-D8108E4D472C} = {8D2849B2-7482-4991-B3BD-5CEB79DC1F0D}
	EndGlobalSection
EndGlobal
